
Microsoft Visual Studio Solution File, Format Version 12.00
# Visual Studio 15
VisualStudioVersion = 15.0.26124.0
MinimumVisualStudioVersion = 15.0.26124.0
Project("{FAE04EC0-301F-11D3-BF4B-00C04F79EFBC}") = "API", "API\API.csproj", "{55148101-21D3-4B1C-A35E-DFCDC8C10B1B}"
EndProject
Project("{FAE04EC0-301F-11D3-BF4B-00C04F79EFBC}") = "Core", "Core\Core.csproj", "{FD4FF4C2-A7D8-4E6E-81EF-7C17251D0FFA}"
EndProject
Project("{FAE04EC0-301F-11D3-BF4B-00C04F79EFBC}") = "Infrastructure", "Infrastructure\Infrastructure.csproj", "{B3C5F01E-67CA-4DFD-A2CA-DA1031D8D637}"
EndProject
Global
	GlobalSection(SolutionConfigurationPlatforms) = preSolution
		Debug|Any CPU = Debug|Any CPU
		Debug|x64 = Debug|x64
		Debug|x86 = Debug|x86
		Release|Any CPU = Release|Any CPU
		Release|x64 = Release|x64
		Release|x86 = Release|x86
	EndGlobalSection
	GlobalSection(SolutionProperties) = preSolution
		HideSolutionNode = FALSE
	EndGlobalSection
	GlobalSection(ProjectConfigurationPlatforms) = postSolution
		{55148101-21D3-4B1C-A35E-DFCDC8C10B1B}.Debug|Any CPU.ActiveCfg = Debug|Any CPU
		{55148101-21D3-4B1C-A35E-DFCDC8C10B1B}.Debug|Any CPU.Build.0 = Debug|Any CPU
		{55148101-21D3-4B1C-A35E-DFCDC8C10B1B}.Debug|x64.ActiveCfg = Debug|Any CPU
		{55148101-21D3-4B1C-A35E-DFCDC8C10B1B}.Debug|x64.Build.0 = Debug|Any CPU
		{55148101-21D3-4B1C-A35E-DFCDC8C10B1B}.Debug|x86.ActiveCfg = Debug|Any CPU
		{55148101-21D3-4B1C-A35E-DFCDC8C10B1B}.Debug|x86.Build.0 = Debug|Any CPU
		{55148101-21D3-4B1C-A35E-DFCDC8C10B1B}.Release|Any CPU.ActiveCfg = Release|Any CPU
		{55148101-21D3-4B1C-A35E-DFCDC8C10B1B}.Release|Any CPU.Build.0 = Release|Any CPU
		{55148101-21D3-4B1C-A35E-DFCDC8C10B1B}.Release|x64.ActiveCfg = Release|Any CPU
		{55148101-21D3-4B1C-A35E-DFCDC8C10B1B}.Release|x64.Build.0 = Release|Any CPU
		{55148101-21D3-4B1C-A35E-DFCDC8C10B1B}.Release|x86.ActiveCfg = Release|Any CPU
		{55148101-21D3-4B1C-A35E-DFCDC8C10B1B}.Release|x86.Build.0 = Release|Any CPU
		{FD4FF4C2-A7D8-4E6E-81EF-7C17251D0FFA}.Debug|Any CPU.ActiveCfg = Debug|Any CPU
		{FD4FF4C2-A7D8-4E6E-81EF-7C17251D0FFA}.Debug|Any CPU.Build.0 = Debug|Any CPU
		{FD4FF4C2-A7D8-4E6E-81EF-7C17251D0FFA}.Debug|x64.ActiveCfg = Debug|Any CPU
		{FD4FF4C2-A7D8-4E6E-81EF-7C17251D0FFA}.Debug|x64.Build.0 = Debug|Any CPU
		{FD4FF4C2-A7D8-4E6E-81EF-7C17251D0FFA}.Debug|x86.ActiveCfg = Debug|Any CPU
		{FD4FF4C2-A7D8-4E6E-81EF-7C17251D0FFA}.Debug|x86.Build.0 = Debug|Any CPU
		{FD4FF4C2-A7D8-4E6E-81EF-7C17251D0FFA}.Release|Any CPU.ActiveCfg = Release|Any CPU
		{FD4FF4C2-A7D8-4E6E-81EF-7C17251D0FFA}.Release|Any CPU.Build.0 = Release|Any CPU
		{FD4FF4C2-A7D8-4E6E-81EF-7C17251D0FFA}.Release|x64.ActiveCfg = Release|Any CPU
		{FD4FF4C2-A7D8-4E6E-81EF-7C17251D0FFA}.Release|x64.Build.0 = Release|Any CPU
		{FD4FF4C2-A7D8-4E6E-81EF-7C17251D0FFA}.Release|x86.ActiveCfg = Release|Any CPU
		{FD4FF4C2-A7D8-4E6E-81EF-7C17251D0FFA}.Release|x86.Build.0 = Release|Any CPU
		{B3C5F01E-67CA-4DFD-A2CA-DA1031D8D637}.Debug|Any CPU.ActiveCfg = Debug|Any CPU
		{B3C5F01E-67CA-4DFD-A2CA-DA1031D8D637}.Debug|Any CPU.Build.0 = Debug|Any CPU
		{B3C5F01E-67CA-4DFD-A2CA-DA1031D8D637}.Debug|x64.ActiveCfg = Debug|Any CPU
		{B3C5F01E-67CA-4DFD-A2CA-DA1031D8D637}.Debug|x64.Build.0 = Debug|Any CPU
		{B3C5F01E-67CA-4DFD-A2CA-DA1031D8D637}.Debug|x86.ActiveCfg = Debug|Any CPU
		{B3C5F01E-67CA-4DFD-A2CA-DA1031D8D637}.Debug|x86.Build.0 = Debug|Any CPU
		{B3C5F01E-67CA-4DFD-A2CA-DA1031D8D637}.Release|Any CPU.ActiveCfg = Release|Any CPU
		{B3C5F01E-67CA-4DFD-A2CA-DA1031D8D637}.Release|Any CPU.Build.0 = Release|Any CPU
		{B3C5F01E-67CA-4DFD-A2CA-DA1031D8D637}.Release|x64.ActiveCfg = Release|Any CPU
		{B3C5F01E-67CA-4DFD-A2CA-DA1031D8D637}.Release|x64.Build.0 = Release|Any CPU
		{B3C5F01E-67CA-4DFD-A2CA-DA1031D8D637}.Release|x86.ActiveCfg = Release|Any CPU
		{B3C5F01E-67CA-4DFD-A2CA-DA1031D8D637}.Release|x86.Build.0 = Release|Any CPU
	EndGlobalSection
EndGlobal
